
Microsoft Visual Studio Solution File, Format Version 12.00
# Visual Studio 2013
VisualStudioVersion = 12.0.21005.1
MinimumVisualStudioVersion = 10.0.40219.1
Project("{FAE04EC0-301F-11D3-BF4B-00C04F79EFBC}") = "Guia_14", "Guia_14\Guia_14.csproj", "{AF3D5473-7096-4446-88FB-97B37B2342EA}"
EndProject
Global
	GlobalSection(SolutionConfigurationPlatforms) = preSolution
		Debug|Any CPU = Debug|Any CPU
		Release|Any CPU = Release|Any CPU
	EndGlobalSection
	GlobalSection(ProjectConfigurationPlatforms) = postSolution
		{AF3D5473-7096-4446-88FB-97B37B2342EA}.Debug|Any CPU.ActiveCfg = Debug|Any CPU
		{AF3D5473-7096-4446-88FB-97B37B2342EA}.Debug|Any CPU.Build.0 = Debug|Any CPU
		{AF3D5473-7096-4446-88FB-97B37B2342EA}.Release|Any CPU.ActiveCfg = Release|Any CPU
		{AF3D5473-7096-4446-88FB-97B37B2342EA}.Release|Any CPU.Build.0 = Release|Any CPU
	EndGlobalSection
	GlobalSection(SolutionProperties) = preSolution
		HideSolutionNode = FALSE
	EndGlobalSection
EndGlobal
